
Microsoft Visual Studio Solution File, Format Version 12.00
Project("{FAE04EC0-301F-11D3-BF4B-00C04F79EFBC}") = "practice 3", "practice 3\practice 3.csproj", "{377CF1BB-3D5D-4941-B2FC-CE64E3C4FAE3}"
EndProject
Global
	GlobalSection(SolutionConfigurationPlatforms) = preSolution
		Debug|Any CPU = Debug|Any CPU
		Release|Any CPU = Release|Any CPU
	EndGlobalSection
	GlobalSection(ProjectConfigurationPlatforms) = postSolution
		{377CF1BB-3D5D-4941-B2FC-CE64E3C4FAE3}.Debug|Any CPU.ActiveCfg = Debug|Any CPU
		{377CF1BB-3D5D-4941-B2FC-CE64E3C4FAE3}.Debug|Any CPU.Build.0 = Debug|Any CPU
		{377CF1BB-3D5D-4941-B2FC-CE64E3C4FAE3}.Release|Any CPU.ActiveCfg = Release|Any CPU
		{377CF1BB-3D5D-4941-B2FC-CE64E3C4FAE3}.Release|Any CPU.Build.0 = Release|Any CPU
	EndGlobalSection
EndGlobal
